
Microsoft Visual Studio Solution File, Format Version 12.00
Project("{FAE04EC0-301F-11D3-BF4B-00C04F79EFBC}") = "APBD_2", "APBD_2\APBD_2.csproj", "{0949CF2C-5243-42C5-82C2-774AEB262A6E}"
EndProject
Global
	GlobalSection(SolutionConfigurationPlatforms) = preSolution
		Debug|Any CPU = Debug|Any CPU
		Release|Any CPU = Release|Any CPU
	EndGlobalSection
	GlobalSection(ProjectConfigurationPlatforms) = postSolution
		{0949CF2C-5243-42C5-82C2-774AEB262A6E}.Debug|Any CPU.ActiveCfg = Debug|Any CPU
		{0949CF2C-5243-42C5-82C2-774AEB262A6E}.Debug|Any CPU.Build.0 = Debug|Any CPU
		{0949CF2C-5243-42C5-82C2-774AEB262A6E}.Release|Any CPU.ActiveCfg = Release|Any CPU
		{0949CF2C-5243-42C5-82C2-774AEB262A6E}.Release|Any CPU.Build.0 = Release|Any CPU
	EndGlobalSection
EndGlobal
